
Microsoft Visual Studio Solution File, Format Version 12.00
# Visual Studio 15
VisualStudioVersion = 15.0.27130.2003
MinimumVisualStudioVersion = 10.0.40219.1
Project("{FAE04EC0-301F-11D3-BF4B-00C04F79EFBC}") = "YTMP3", "YTMP3\YTMP3.csproj", "{9FB2DE4E-3634-49F8-8F2A-3DC918E9822E}"
EndProject
Global
	GlobalSection(SolutionConfigurationPlatforms) = preSolution
		Debug|Any CPU = Debug|Any CPU
		Release|Any CPU = Release|Any CPU
	EndGlobalSection
	GlobalSection(ProjectConfigurationPlatforms) = postSolution
		{9FB2DE4E-3634-49F8-8F2A-3DC918E9822E}.Debug|Any CPU.ActiveCfg = Debug|Any CPU
		{9FB2DE4E-3634-49F8-8F2A-3DC918E9822E}.Debug|Any CPU.Build.0 = Debug|Any CPU
		{9FB2DE4E-3634-49F8-8F2A-3DC918E9822E}.Release|Any CPU.ActiveCfg = Release|Any CPU
		{9FB2DE4E-3634-49F8-8F2A-3DC918E9822E}.Release|Any CPU.Build.0 = Release|Any CPU
	EndGlobalSection
	GlobalSection(SolutionProperties) = preSolution
		HideSolutionNode = FALSE
	EndGlobalSection
	GlobalSection(ExtensibilityGlobals) = postSolution
		SolutionGuid = {56993B92-EFCC-4CC7-917E-E591A81D1B8D}
	EndGlobalSection
EndGlobal
